
Microsoft Visual Studio Solution File, Format Version 12.00
# Visual Studio Version 17
VisualStudioVersion = 17.7.34024.191
MinimumVisualStudioVersion = 10.0.40219.1
Project("{9A19103F-16F7-4668-BE54-9A1E7A4F7556}") = "LightWebShop", "LightWebShop\LightWebShop.csproj", "{5537D5BC-B772-4348-8B32-76E84A688886}"
EndProject
Project("{FAE04EC0-301F-11D3-BF4B-00C04F79EFBC}") = "LightWebShop.Infrastructure", "LightWebShop.Infrastructure\LightWebShop.Infrastructure.csproj", "{2559FFB3-7449-4B2C-9A52-D18282D6515E}"
EndProject
Global
	GlobalSection(SolutionConfigurationPlatforms) = preSolution
		Debug|Any CPU = Debug|Any CPU
		Release|Any CPU = Release|Any CPU
	EndGlobalSection
	GlobalSection(ProjectConfigurationPlatforms) = postSolution
		{5537D5BC-B772-4348-8B32-76E84A688886}.Debug|Any CPU.ActiveCfg = Debug|Any CPU
		{5537D5BC-B772-4348-8B32-76E84A688886}.Debug|Any CPU.Build.0 = Debug|Any CPU
		{5537D5BC-B772-4348-8B32-76E84A688886}.Release|Any CPU.ActiveCfg = Release|Any CPU
		{5537D5BC-B772-4348-8B32-76E84A688886}.Release|Any CPU.Build.0 = Release|Any CPU
		{2559FFB3-7449-4B2C-9A52-D18282D6515E}.Debug|Any CPU.ActiveCfg = Debug|Any CPU
		{2559FFB3-7449-4B2C-9A52-D18282D6515E}.Debug|Any CPU.Build.0 = Debug|Any CPU
		{2559FFB3-7449-4B2C-9A52-D18282D6515E}.Release|Any CPU.ActiveCfg = Release|Any CPU
		{2559FFB3-7449-4B2C-9A52-D18282D6515E}.Release|Any CPU.Build.0 = Release|Any CPU
	EndGlobalSection
	GlobalSection(SolutionProperties) = preSolution
		HideSolutionNode = FALSE
	EndGlobalSection
	GlobalSection(ExtensibilityGlobals) = postSolution
		SolutionGuid = {0EDF7514-9F82-41C5-A7F8-E4CA293B6570}
	EndGlobalSection
EndGlobal
